// !$*UTF8*$!
{
	archiveVersion = 1;
	classes = {
	};
	objectVersion = 50;
	objects = {

/* Begin PBXBuildFile section */
		2A98D5B02632DEA300634F19 /* SliderApp.swift in Sources */ = {isa = PBXBuildFile; fileRef = 2A98D5AF2632DEA300634F19 /* SliderApp.swift */; };
		2A98D5B22632DEA300634F19 /* ContentView.swift in Sources */ = {isa = PBXBuildFile; fileRef = 2A98D5B12632DEA300634F19 /* ContentView.swift */; };
		2A98D5B42632DEA400634F19 /* Assets.xcassets in Resources */ = {isa = PBXBuildFile; fileRef = 2A98D5B32632DEA400634F19 /* Assets.xcassets */; };
		2A98D5B72632DEA400634F19 /* Preview Assets.xcassets in Resources */ = {isa = PBXBuildFile; fileRef = 2A98D5B62632DEA400634F19 /* Preview Assets.xcassets */; };
		2A98D5C22632DEA400634F19 /* SliderTests.swift in Sources */ = {isa = PBXBuildFile; fileRef = 2A98D5C12632DEA400634F19 /* SliderTests.swift */; };
		2A98D5CD2632DEA400634F19 /* SliderUITests.swift in Sources */ = {isa = PBXBuildFile; fileRef = 2A98D5CC2632DEA400634F19 /* SliderUITests.swift */; };
/* End PBXBuildFile section */

/* Begin PBXContainerItemProxy section */
		2A98D5BE2632DEA400634F19 /* PBXContainerItemProxy */ = {
			isa = PBXContainerItemProxy;
			containerPortal = 2A98D5A42632DEA300634F19 /* Project object */;
			proxyType = 1;
			remoteGlobalIDString = 2A98D5AB2632DEA300634F19;
			remoteInfo = Slider;
		};
		2A98D5C92632DEA400634F19 /* PBXContainerItemProxy */ = {
			isa = PBXContainerItemProxy;
			containerPortal = 2A98D5A42632DEA300634F19 /* Project object */;
			proxyType = 1;
			remoteGlobalIDString = 2A98D5AB2632DEA300634F19;
			remoteInfo = Slider;
		};
/* End PBXContainerItemProxy section */

/* Begin PBXFileReference section */
		2A98D5AC2632DEA300634F19 /* Slider.app */ = {isa = PBXFileReference; explicitFileType = wrapper.application; includeInIndex = 0; path = Slider.app; sourceTree = BUILT_PRODUCTS_DIR; };
		2A98D5AF2632DEA300634F19 /* SliderApp.swift */ = {isa = PBXFileReference; lastKnownFileType = sourcecode.swift; path = SliderApp.swift; sourceTree = "<group>"; };
		2A98D5B12632DEA300634F19 /* ContentView.swift */ = {isa = PBXFileReference; lastKnownFileType = sourcecode.swift; path = ContentView.swift; sourceTree = "<group>"; };
		2A98D5B32632DEA400634F19 /* Assets.xcassets */ = {isa = PBXFileReference; lastKnownFileType = folder.assetcatalog; path = Assets.xcassets; sourceTree = "<group>"; };
		2A98D5B62632DEA400634F19 /* Preview Assets.xcassets */ = {isa = PBXFileReference; lastKnownFileType = folder.assetcatalog; path = "Preview Assets.xcassets"; sourceTree = "<group>"; };
		2A98D5B82632DEA400634F19 /* Info.plist */ = {isa = PBXFileReference; lastKnownFileType = text.plist.xml; path = Info.plist; sourceTree = "<group>"; };
		2A98D5BD2632DEA400634F19 /* SliderTests.xctest */ = {isa = PBXFileReference; explicitFileType = wrapper.cfbundle; includeInIndex = 0; path = SliderTests.xctest; sourceTree = BUILT_PRODUCTS_DIR; };
		2A98D5C12632DEA400634F19 /* SliderTests.swift */ = {isa = PBXFileReference; lastKnownFileType = sourcecode.swift; path = SliderTests.swift; sourceTree = "<group>"; };
		2A98D5C32632DEA400634F19 /* Info.plist */ = {isa = PBXFileReference; lastKnownFileType = text.plist.xml; path = Info.plist; sourceTree = "<group>"; };
		2A98D5C82632DEA400634F19 /* SliderUITests.xctest */ = {isa = PBXFileReference; explicitFileType = wrapper.cfbundle; includeInIndex = 0; path = SliderUITests.xctest; sourceTree = BUILT_PRODUCTS_DIR; };
		2A98D5CC2632DEA400634F19 /* SliderUITests.swift */ = {isa = PBXFileReference; lastKnownFileType = sourcecode.swift; path = SliderUITests.swift; sourceTree = "<group>"; };
		2A98D5CE2632DEA400634F19 /* Info.plist */ = {isa = PBXFileReference; lastKnownFileType = text.plist.xml; path = Info.plist; sourceTree = "<group>"; };
/* End PBXFileReference section */

/* Begin PBXFrameworksBuildPhase section */
		2A98D5A92632DEA300634F19 /* Frameworks */ = {
			isa = PBXFrameworksBuildPhase;
			buildActionMask = 2147483647;
			files = (
			);
			runOnlyForDeploymentPostprocessing = 0;
		};
		2A98D5BA2632DEA400634F19 /* Frameworks */ = {
			isa = PBXFrameworksBuildPhase;
			buildActionMask = 2147483647;
			files = (
			);
			runOnlyForDeploymentPostprocessing = 0;
		};
		2A98D5C52632DEA400634F19 /* Frameworks */ = {
			isa = PBXFrameworksBuildPhase;
			buildActionMask = 2147483647;
			files = (
			);
			runOnlyForDeploymentPostprocessing = 0;
		};
/* End PBXFrameworksBuildPhase section */

/* Begin PBXGroup section */
		2A98D5A32632DEA300634F19 = {
			isa = PBXGroup;
			children = (
				2A98D5AE2632DEA300634F19 /* Slider */,
				2A98D5C02632DEA400634F19 /* SliderTests */,
				2A98D5CB2632DEA400634F19 /* SliderUITests */,
				2A98D5AD2632DEA300634F19 /* Products */,
			);
			sourceTree = "<group>";
		};
		2A98D5AD2632DEA300634F19 /* Products */ = {
			isa = PBXGroup;
			children = (
				2A98D5AC2632DEA300634F19 /* Slider.app */,
				2A98D5BD2632DEA400634F19 /* SliderTests.xctest */,
				2A98D5C82632DEA400634F19 /* SliderUITests.xctest */,
			);
			name = Products;
			sourceTree = "<group>";
		};
		2A98D5AE2632DEA300634F19 /* Slider */ = {
			isa = PBXGroup;
			children = (
				2A98D5AF2632DEA300634F19 /* SliderApp.swift */,
				2A98D5B12632DEA300634F19 /* ContentView.swift */,
				2A98D5B32632DEA400634F19 /* Assets.xcassets */,
				2A98D5B82632DEA400634F19 /* Info.plist */,
				2A98D5B52632DEA400634F19 /* Preview Content */,
			);
			path = Slider;
			sourceTree = "<group>";
		};
		2A98D5B52632DEA400634F19 /* Preview Content */ = {
			isa = PBXGroup;
			children = (
				2A98D5B62632DEA400634F19 /* Preview Assets.xcassets */,
			);
			path = "Preview Content";
			sourceTree = "<group>";
		};
		2A98D5C02632DEA400634F19 /* SliderTests */ = {
			isa = PBXGroup;
			children = (
				2A98D5C12632DEA400634F19 /* SliderTests.swift */,
				2A98D5C32632DEA400634F19 /* Info.plist */,
			);
			path = SliderTests;
			sourceTree = "<group>";
		};
		2A98D5CB2632DEA400634F19 /* SliderUITests */ = {
			isa = PBXGroup;
			children = (
				2A98D5CC2632DEA400634F19 /* SliderUITests.swift */,
				2A98D5CE2632DEA400634F19 /* Info.plist */,
			);
			path = SliderUITests;
			sourceTree = "<group>";
		};
/* End PBXGroup section */

/* Begin PBXNativeTarget section */
		2A98D5AB2632DEA300634F19 /* Slider */ = {
			isa = PBXNativeTarget;
			buildConfigurationList = 2A98D5D12632DEA400634F19 /* Build configuration list for PBXNativeTarget "Slider" */;
			buildPhases = (
				2A98D5A82632DEA300634F19 /* Sources */,
				2A98D5A92632DEA300634F19 /* Frameworks */,
				2A98D5AA2632DEA300634F19 /* Resources */,
			);
			buildRules = (
			);
			dependencies = (
			);
			name = Slider;
			productName = Slider;
			productReference = 2A98D5AC2632DEA300634F19 /* Slider.app */;
			productType = "com.apple.product-type.application";
		};
		2A98D5BC2632DEA400634F19 /* SliderTests */ = {
			isa = PBXNativeTarget;
			buildConfigurationList = 2A98D5D42632DEA400634F19 /* Build configuration list for PBXNativeTarget "SliderTests" */;
			buildPhases = (
				2A98D5B92632DEA400634F19 /* Sources */,
				2A98D5BA2632DEA400634F19 /* Frameworks */,
				2A98D5BB2632DEA400634F19 /* Resources */,
			);
			buildRules = (
			);
			dependencies = (
				2A98D5BF2632DEA400634F19 /* PBXTargetDependency */,
			);
			name = SliderTests;
			productName = SliderTests;
			productReference = 2A98D5BD2632DEA400634F19 /* SliderTests.xctest */;
			productType = "com.apple.product-type.bundle.unit-test";
		};
		2A98D5C72632DEA400634F19 /* SliderUITests */ = {
			isa = PBXNativeTarget;
			buildConfigurationList = 2A98D5D72632DEA400634F19 /* Build configuration list for PBXNativeTarget "SliderUITests" */;
			buildPhases = (
				2A98D5C42632DEA400634F19 /* Sources */,
				2A98D5C52632DEA400634F19 /* Frameworks */,
				2A98D5C62632DEA400634F19 /* Resources */,
			);
			buildRules = (
			);
			dependencies = (
				2A98D5CA2632DEA400634F19 /* PBXTargetDependency */,
			);
			name = SliderUITests;
			productName = SliderUITests;
			productReference = 2A98D5C82632DEA400634F19 /* SliderUITests.xctest */;
			productType = "com.apple.product-type.bundle.ui-testing";
		};
/* End PBXNativeTarget section */

/* Begin PBXProject section */
		2A98D5A42632DEA300634F19 /* Project object */ = {
			isa = PBXProject;
			attributes = {
				LastSwiftUpdateCheck = 1250;
				LastUpgradeCheck = 1250;
				TargetAttributes = {
					2A98D5AB2632DEA300634F19 = {
						CreatedOnToolsVersion = 12.5;
					};
					2A98D5BC2632DEA400634F19 = {
						CreatedOnToolsVersion = 12.5;
						TestTargetID = 2A98D5AB2632DEA300634F19;
					};
					2A98D5C72632DEA400634F19 = {
						CreatedOnToolsVersion = 12.5;
						TestTargetID = 2A98D5AB2632DEA300634F19;
					};
				};
			};
			buildConfigurationList = 2A98D5A72632DEA300634F19 /* Build configuration list for PBXProject "Slider" */;
			compatibilityVersion = "Xcode 9.3";
			developmentRegion = en;
			hasScannedForEncodings = 0;
			knownRegions = (
				en,
				Base,
			);
			mainGroup = 2A98D5A32632DEA300634F19;
			productRefGroup = 2A98D5AD2632DEA300634F19 /* Products */;
			projectDirPath = "";
			projectRoot = "";
			targets = (
				2A98D5AB2632DEA300634F19 /* Slider */,
				2A98D5BC2632DEA400634F19 /* SliderTests */,
				2A98D5C72632DEA400634F19 /* SliderUITests */,
			);
		};
/* End PBXProject section */

/* Begin PBXResourcesBuildPhase section */
		2A98D5AA2632DEA300634F19 /* Resources */ = {
			isa = PBXResourcesBuildPhase;
			buildActionMask = 2147483647;
			files = (
				2A98D5B72632DEA400634F19 /* Preview Assets.xcassets in Resources */,
				2A98D5B42632DEA400634F19 /* Assets.xcassets in Resources */,
			);
			runOnlyForDeploymentPostprocessing = 0;
		};
		2A98D5BB2632DEA400634F19 /* Resources */ = {
			isa = PBXResourcesBuildPhase;
			buildActionMask = 2147483647;
			files = (
			);
			runOnlyForDeploymentPostprocessing = 0;
		};
		2A98D5C62632DEA400634F19 /* Resources */ = {
			isa = PBXResourcesBuildPhase;
			buildActionMask = 2147483647;
			files = (
			);
			runOnlyForDeploymentPostprocessing = 0;
		};
/* End PBXResourcesBuildPhase section */

/* Begin PBXSourcesBuildPhase section */
		2A98D5A82632DEA300634F19 /* Sources */ = {
			isa = PBXSourcesBuildPhase;
			buildActionMask = 2147483647;
			files = (
				2A98D5B22632DEA300634F19 /* ContentView.swift in Sources */,
				2A98D5B02632DEA300634F19 /* SliderApp.swift in Sources */,
			);
			runOnlyForDeploymentPostprocessing = 0;
		};
		2A98D5B92632DEA400634F19 /* Sources */ = {
			isa = PBXSourcesBuildPhase;
			buildActionMask = 2147483647;
			files = (
				2A98D5C22632DEA400634F19 /* SliderTests.swift in Sources */,
			);
			runOnlyForDeploymentPostprocessing = 0;
		};
		2A98D5C42632DEA400634F19 /* Sources */ = {
			isa = PBXSourcesBuildPhase;
			buildActionMask = 2147483647;
			files = (
				2A98D5CD2632DEA400634F19 /* SliderUITests.swift in Sources */,
			);
			runOnlyForDeploymentPostprocessing = 0;
		};
/* End PBXSourcesBuildPhase section */

/* Begin PBXTargetDependency section */
		2A98D5BF2632DEA400634F19 /* PBXTargetDependency */ = {
			isa = PBXTargetDependency;
			target = 2A98D5AB2632DEA300634F19 /* Slider */;
			targetProxy = 2A98D5BE2632DEA400634F19 /* PBXContainerItemProxy */;
		};
		2A98D5CA2632DEA400634F19 /* PBXTargetDependency */ = {
			isa = PBXTargetDependency;
			target = 2A98D5AB2632DEA300634F19 /* Slider */;
			targetProxy = 2A98D5C92632DEA400634F19 /* PBXContainerItemProxy */;
		};
/* End PBXTargetDependency section */

/* Begin XCBuildConfiguration section */
		2A98D5CF2632DEA400634F19 /* Debug */ = {
			isa = XCBuildConfiguration;
			buildSettings = {
				ALWAYS_SEARCH_USER_PATHS = NO;
				CLANG_ANALYZER_NONNULL = YES;
				CLANG_ANALYZER_NUMBER_OBJECT_CONVERSION = YES_AGGRESSIVE;
				CLANG_CXX_LANGUAGE_STANDARD = "gnu++14";
				CLANG_CXX_LIBRARY = "libc++";
				CLANG_ENABLE_MODULES = YES;
				CLANG_ENABLE_OBJC_ARC = YES;
				CLANG_ENABLE_OBJC_WEAK = YES;
				CLANG_WARN_BLOCK_CAPTURE_AUTORELEASING = YES;
				CLANG_WARN_BOOL_CONVERSION = YES;
				CLANG_WARN_COMMA = YES;
				CLANG_WARN_CONSTANT_CONVERSION = YES;
				CLANG_WARN_DEPRECATED_OBJC_IMPLEMENTATIONS = YES;
				CLANG_WARN_DIRECT_OBJC_ISA_USAGE = YES_ERROR;
				CLANG_WARN_DOCUMENTATION_COMMENTS = YES;
				CLANG_WARN_EMPTY_BODY = YES;
				CLANG_WARN_ENUM_CONVERSION = YES;
				CLANG_WARN_INFINITE_RECURSION = YES;
				CLANG_WARN_INT_CONVERSION = YES;
				CLANG_WARN_NON_LITERAL_NULL_CONVERSION = YES;
				CLANG_WARN_OBJC_IMPLICIT_RETAIN_SELF = YES;
				CLANG_WARN_OBJC_LITERAL_CONVERSION = YES;
				CLANG_WARN_OBJC_ROOT_CLASS = YES_ERROR;
				CLANG_WARN_QUOTED_INCLUDE_IN_FRAMEWORK_HEADER = YES;
				CLANG_WARN_RANGE_LOOP_ANALYSIS = YES;
				CLANG_WARN_STRICT_PROTOTYPES = YES;
				CLANG_WARN_SUSPICIOUS_MOVE = YES;
				CLANG_WARN_UNGUARDED_AVAILABILITY = YES_AGGRESSIVE;
				CLANG_WARN_UNREACHABLE_CODE = YES;
				CLANG_WARN__DUPLICATE_METHOD_MATCH = YES;
				COPY_PHASE_STRIP = NO;
				DEBUG_INFORMATION_FORMAT = dwarf;
				ENABLE_STRICT_OBJC_MSGSEND = YES;
				ENABLE_TESTABILITY = YES;
				GCC_C_LANGUAGE_STANDARD = gnu11;
				GCC_DYNAMIC_NO_PIC = NO;
				GCC_NO_COMMON_BLOCKS = YES;
				GCC_OPTIMIZATION_LEVEL = 0;
				GCC_PREPROCESSOR_DEFINITIONS = (
					"DEBUG=1",
					"$(inherited)",
				);
				GCC_WARN_64_TO_32_BIT_CONVERSION = YES;
				GCC_WARN_ABOUT_RETURN_TYPE = YES_ERROR;
				GCC_WARN_UNDECLARED_SELECTOR = YES;
				GCC_WARN_UNINITIALIZED_AUTOS = YES_AGGRESSIVE;
				GCC_WARN_UNUSED_FUNCTION = YES;
				GCC_WARN_UNUSED_VARIABLE = YES;
				IPHONEOS_DEPLOYMENT_TARGET = 14.5;
				MTL_ENABLE_DEBUG_INFO = INCLUDE_SOURCE;
				MTL_FAST_MATH = YES;
				ONLY_ACTIVE_ARCH = YES;
				SDKROOT = iphoneos;
				SWIFT_ACTIVE_COMPILATION_CONDITIONS = DEBUG;
				SWIFT_OPTIMIZATION_LEVEL = "-Onone";
			};
			name = Debug;
		};
		2A98D5D02632DEA400634F19 /* Release */ = {
			isa = XCBuildConfiguration;
			buildSettings = {
				ALWAYS_SEARCH_USER_PATHS = NO;
				CLANG_ANALYZER_NONNULL = YES;
				CLANG_ANALYZER_NUMBER_OBJECT_CONVERSION = YES_AGGRESSIVE;
				CLANG_CXX_LANGUAGE_STANDARD = "gnu++14";
				CLANG_CXX_LIBRARY = "libc++";
				CLANG_ENABLE_MODULES = YES;
				CLANG_ENABLE_OBJC_ARC = YES;
				CLANG_ENABLE_OBJC_WEAK = YES;
				CLANG_WARN_BLOCK_CAPTURE_AUTORELEASING = YES;
				CLANG_WARN_BOOL_CONVERSION = YES;
				CLANG_WARN_COMMA = YES;
				CLANG_WARN_CONSTANT_CONVERSION = YES;
				CLANG_WARN_DEPRECATED_OBJC_IMPLEMENTATIONS = YES;
				CLANG_WARN_DIRECT_OBJC_ISA_USAGE = YES_ERROR;
				CLANG_WARN_DOCUMENTATION_COMMENTS = YES;
				CLANG_WARN_EMPTY_BODY = YES;
				CLANG_WARN_ENUM_CONVERSION = YES;
				CLANG_WARN_INFINITE_RECURSION = YES;
				CLANG_WARN_INT_CONVERSION = YES;
				CLANG_WARN_NON_LITERAL_NULL_CONVERSION = YES;
				CLANG_WARN_OBJC_IMPLICIT_RETAIN_SELF = YES;
				CLANG_WARN_OBJC_LITERAL_CONVERSION = YES;
				CLANG_WARN_OBJC_ROOT_CLASS = YES_ERROR;
				CLANG_WARN_QUOTED_INCLUDE_IN_FRAMEWORK_HEADER = YES;
				CLANG_WARN_RANGE_LOOP_ANALYSIS = YES;
				CLANG_WARN_STRICT_PROTOTYPES = YES;
				CLANG_WARN_SUSPICIOUS_MOVE = YES;
				CLANG_WARN_UNGUARDED_AVAILABILITY = YES_AGGRESSIVE;
				CLANG_WARN_UNREACHABLE_CODE = YES;
				CLANG_WARN__DUPLICATE_METHOD_MATCH = YES;
				COPY_PHASE_STRIP = NO;
				DEBUG_INFORMATION_FORMAT = "dwarf-with-dsym";
				ENABLE_NS_ASSERTIONS = NO;
				ENABLE_STRICT_OBJC_MSGSEND = YES;
				GCC_C_LANGUAGE_STANDARD = gnu11;
				GCC_NO_COMMON_BLOCKS = YES;
				GCC_WARN_64_TO_32_BIT_CONVERSION = YES;
				GCC_WARN_ABOUT_RETURN_TYPE = YES_ERROR;
				GCC_WARN_UNDECLARED_SELECTOR = YES;
				GCC_WARN_UNINITIALIZED_AUTOS = YES_AGGRESSIVE;
				GCC_WARN_UNUSED_FUNCTION = YES;
				GCC_WARN_UNUSED_VARIABLE = YES;
				IPHONEOS_DEPLOYMENT_TARGET = 14.5;
				MTL_ENABLE_DEBUG_INFO = NO;
				MTL_FAST_MATH = YES;
				SDKROOT = iphoneos;
				SWIFT_COMPILATION_MODE = wholemodule;
				SWIFT_OPTIMIZATION_LEVEL = "-O";
				VALIDATE_PRODUCT = YES;
			};
			name = Release;
		};
		2A98D5D22632DEA400634F19 /* Debug */ = {
			isa = XCBuildConfiguration;
			buildSettings = {
				ASSETCATALOG_COMPILER_APPICON_NAME = AppIcon;
				ASSETCATALOG_COMPILER_GLOBAL_ACCENT_COLOR_NAME = AccentColor;
				CODE_SIGN_STYLE = Automatic;
				DEVELOPMENT_ASSET_PATHS = "\"Slider/Preview Content\"";
				DEVELOPMENT_TEAM = 2D28XM92C4;
				ENABLE_PREVIEWS = YES;
				INFOPLIST_FILE = Slider/Info.plist;
				IPHONEOS_DEPLOYMENT_TARGET = 14.0;
				LD_RUNPATH_SEARCH_PATHS = (
					"$(inherited)",
					"@executable_path/Frameworks",
				);
				PRODUCT_BUNDLE_IDENTIFIER = com.dyerlab.Slider;
				PRODUCT_NAME = "$(TARGET_NAME)";
				SWIFT_VERSION = 5.0;
				TARGETED_DEVICE_FAMILY = "1,2";
			};
			name = Debug;
		};
		2A98D5D32632DEA400634F19 /* Release */ = {
			isa = XCBuildConfiguration;
			buildSettings = {
				ASSETCATALOG_COMPILER_APPICON_NAME = AppIcon;
				ASSETCATALOG_COMPILER_GLOBAL_ACCENT_COLOR_NAME = AccentColor;
				CODE_SIGN_STYLE = Automatic;
				DEVELOPMENT_ASSET_PATHS = "\"Slider/Preview Content\"";
				DEVELOPMENT_TEAM = 2D28XM92C4;
				ENABLE_PREVIEWS = YES;
				INFOPLIST_FILE = Slider/Info.plist;
				IPHONEOS_DEPLOYMENT_TARGET = 14.0;
				LD_RUNPATH_SEARCH_PATHS = (
					"$(inherited)",
					"@executable_path/Frameworks",
				);
				PRODUCT_BUNDLE_IDENTIFIER = com.dyerlab.Slider;
				PRODUCT_NAME = "$(TARGET_NAME)";
				SWIFT_VERSION = 5.0;
				TARGETED_DEVICE_FAMILY = "1,2";
			};
			name = Release;
		};
		2A98D5D52632DEA400634F19 /* Debug */ = {
			isa = XCBuildConfiguration;
			buildSettings = {
				ALWAYS_EMBED_SWIFT_STANDARD_LIBRARIES = YES;
				BUNDLE_LOADER = "$(TEST_HOST)";
				CODE_SIGN_STYLE = Automatic;
				DEVELOPMENT_TEAM = 2D28XM92C4;
				INFOPLIST_FILE = SliderTests/Info.plist;
				IPHONEOS_DEPLOYMENT_TARGET = 14.0;
				LD_RUNPATH_SEARCH_PATHS = (
					"$(inherited)",
					"@executable_path/Frameworks",
					"@loader_path/Frameworks",
				);
				PRODUCT_BUNDLE_IDENTIFIER = com.dyerlab.SliderTests;
				PRODUCT_NAME = "$(TARGET_NAME)";
				SWIFT_VERSION = 5.0;
				TARGETED_DEVICE_FAMILY = "1,2";
				TEST_HOST = "$(BUILT_PRODUCTS_DIR)/Slider.app/Slider";
			};
			name = Debug;
		};
		2A98D5D62632DEA400634F19 /* Release */ = {
			isa = XCBuildConfiguration;
			buildSettings = {
				ALWAYS_EMBED_SWIFT_STANDARD_LIBRARIES = YES;
				BUNDLE_LOADER = "$(TEST_HOST)";
				CODE_SIGN_STYLE = Automatic;
				DEVELOPMENT_TEAM = 2D28XM92C4;
				INFOPLIST_FILE = SliderTests/Info.plist;
				IPHONEOS_DEPLOYMENT_TARGET = 14.0;
				LD_RUNPATH_SEARCH_PATHS = (
					"$(inherited)",
					"@executable_path/Frameworks",
					"@loader_path/Frameworks",
				);
				PRODUCT_BUNDLE_IDENTIFIER = com.dyerlab.SliderTests;
				PRODUCT_NAME = "$(TARGET_NAME)";
				SWIFT_VERSION = 5.0;
				TARGETED_DEVICE_FAMILY = "1,2";
				TEST_HOST = "$(BUILT_PRODUCTS_DIR)/Slider.app/Slider";
			};
			name = Release;
		};
		2A98D5D82632DEA400634F19 /* Debug */ = {
			isa = XCBuildConfiguration;
			buildSettings = {
				ALWAYS_EMBED_SWIFT_STANDARD_LIBRARIES = YES;
				CODE_SIGN_STYLE = Automatic;
				DEVELOPMENT_TEAM = 2D28XM92C4;
				INFOPLIST_FILE = SliderUITests/Info.plist;
				LD_RUNPATH_SEARCH_PATHS = (
					"$(inherited)",
					"@executable_path/Frameworks",
					"@loader_path/Frameworks",
				);
				PRODUCT_BUNDLE_IDENTIFIER = com.dyerlab.SliderUITests;
				PRODUCT_NAME = "$(TARGET_NAME)";
				SWIFT_VERSION = 5.0;
				TARGETED_DEVICE_FAMILY = "1,2";
				TEST_TARGET_NAME = Slider;
			};
			name = Debug;
		};
		2A98D5D92632DEA400634F19 /* Release */ = {
			isa = XCBuildConfiguration;
			buildSettings = {
				ALWAYS_EMBED_SWIFT_STANDARD_LIBRARIES = YES;
				CODE_SIGN_STYLE = Automatic;
				DEVELOPMENT_TEAM = 2D28XM92C4;
				INFOPLIST_FILE = SliderUITests/Info.plist;
				LD_RUNPATH_SEARCH_PATHS = (
					"$(inherited)",
					"@executable_path/Frameworks",
					"@loader_path/Frameworks",
				);
				PRODUCT_BUNDLE_IDENTIFIER = com.dyerlab.SliderUITests;
				PRODUCT_NAME = "$(TARGET_NAME)";
				SWIFT_VERSION = 5.0;
				TARGETED_DEVICE_FAMILY = "1,2";
				TEST_TARGET_NAME = Slider;
			};
			name = Release;
		};
/* End XCBuildConfiguration section */

/* Begin XCConfigurationList section */
		2A98D5A72632DEA300634F19 /* Build configuration list for PBXProject "Slider" */ = {
			isa = XCConfigurationList;
			buildConfigurations = (
				2A98D5CF2632DEA400634F19 /* Debug */,
				2A98D5D02632DEA400634F19 /* Release */,
			);
			defaultConfigurationIsVisible = 0;
			defaultConfigurationName = Release;
		};
		2A98D5D12632DEA400634F19 /* Build configuration list for PBXNativeTarget "Slider" */ = {
			isa = XCConfigurationList;
			buildConfigurations = (
				2A98D5D22632DEA400634F19 /* Debug */,
				2A98D5D32632DEA400634F19 /* Release */,
			);
			defaultConfigurationIsVisible = 0;
			defaultConfigurationName = Release;
		};
		2A98D5D42632DEA400634F19 /* Build configuration list for PBXNativeTarget "SliderTests" */ = {
			isa = XCConfigurationList;
			buildConfigurations = (
				2A98D5D52632DEA400634F19 /* Debug */,
				2A98D5D62632DEA400634F19 /* Release */,
			);
			defaultConfigurationIsVisible = 0;
			defaultConfigurationName = Release;
		};
		2A98D5D72632DEA400634F19 /* Build configuration list for PBXNativeTarget "SliderUITests" */ = {
			isa = XCConfigurationList;
			buildConfigurations = (
				2A98D5D82632DEA400634F19 /* Debug */,
				2A98D5D92632DEA400634F19 /* Release */,
			);
			defaultConfigurationIsVisible = 0;
			defaultConfigurationName = Release;
		};
/* End XCConfigurationList section */
	};
	rootObject = 2A98D5A42632DEA300634F19 /* Project object */;
}
